
Microsoft Visual Studio Solution File, Format Version 12.00
# Visual Studio Version 17
VisualStudioVersion = 17.4.33122.133
MinimumVisualStudioVersion = 10.0.40219.1
Project("{9A19103F-16F7-4668-BE54-9A1E7A4F7556}") = "MelissaGeoCoderObjectLinuxDotnet", "MelissaGeoCoderObjectLinuxDotnet.csproj", "{46720F6A-F944-4497-AD80-EEB7ED3917A8}"
EndProject
Global
	GlobalSection(SolutionConfigurationPlatforms) = preSolution
		Debug|Any CPU = Debug|Any CPU
		Release|Any CPU = Release|Any CPU
	EndGlobalSection
	GlobalSection(ProjectConfigurationPlatforms) = postSolution
		{46720F6A-F944-4497-AD80-EEB7ED3917A8}.Debug|Any CPU.ActiveCfg = Debug|Any CPU
		{46720F6A-F944-4497-AD80-EEB7ED3917A8}.Debug|Any CPU.Build.0 = Debug|Any CPU
		{46720F6A-F944-4497-AD80-EEB7ED3917A8}.Release|Any CPU.ActiveCfg = Release|Any CPU
		{46720F6A-F944-4497-AD80-EEB7ED3917A8}.Release|Any CPU.Build.0 = Release|Any CPU
	EndGlobalSection
	GlobalSection(SolutionProperties) = preSolution
		HideSolutionNode = FALSE
	EndGlobalSection
	GlobalSection(ExtensibilityGlobals) = postSolution
		SolutionGuid = {6CCB98D8-6D3F-4D3E-8A8A-DEBF4C4E603A}
	EndGlobalSection
EndGlobal
